
Microsoft Visual Studio Solution File, Format Version 12.00
# Visual Studio Version 16
VisualStudioVersion = 16.0.29911.84
MinimumVisualStudioVersion = 10.0.40219.1
Project("{8BC9CEB8-8B4A-11D0-8D11-00A0C91BC942}") = "NetworkEngine", "NetworkEngine\Include\NetworkEngine.vcxproj", "{A009FD18-FABC-404C-BF3D-4C83D53C0263}"
EndProject
Project("{2150E333-8FDC-42A3-9474-1A3956D46DE8}") = "01. Server", "01. Server", "{DDEB34A1-0392-4E4C-ACC1-33A2DD4263FD}"
EndProject
Project("{2150E333-8FDC-42A3-9474-1A3956D46DE8}") = "02. Engine", "02. Engine", "{E046939B-63BC-43C9-9042-C8695D5EFC33}"
	ProjectSection(SolutionItems) = preProject
		Copy.bat = Copy.bat
	EndProjectSection
EndProject
Project("{8BC9CEB8-8B4A-11D0-8D11-00A0C91BC942}") = "GameServer", "GameServer\Include\GameServer.vcxproj", "{BE096252-9AF9-4556-9B78-E1805280FB52}"
EndProject
Project("{8BC9CEB8-8B4A-11D0-8D11-00A0C91BC942}") = "LoginServer", "LoginServer\Include\LoginServer.vcxproj", "{159E8B6D-1FC6-4651-979A-6A7CD595C126}"
EndProject
Project("{8BC9CEB8-8B4A-11D0-8D11-00A0C91BC942}") = "DataBase", "DataBase\Include\DataBase.vcxproj", "{AC6C048C-2282-4201-B180-82DA61FB817C}"
EndProject
Project("{8BC9CEB8-8B4A-11D0-8D11-00A0C91BC942}") = "Math", "Math\Include\Math.vcxproj", "{86856CE2-3DDE-4527-88FA-33AFF9B9439C}"
EndProject
Project("{8BC9CEB8-8B4A-11D0-8D11-00A0C91BC942}") = "Monitor", "Monitor\Include\Monitor.vcxproj", "{8B1CD233-1AA9-4DCF-A3E9-518A908CE908}"
EndProject
Project("{8BC9CEB8-8B4A-11D0-8D11-00A0C91BC942}") = "MonitoringServer", "MonitoringServer\Include\MonitoringServer.vcxproj", "{482694DD-082C-499C-AAE5-2115A7EE3B09}"
EndProject
Project("{8BC9CEB8-8B4A-11D0-8D11-00A0C91BC942}") = "ChattingServer", "ChattingServer\Include\ChattingServer.vcxproj", "{DD4A1C60-E778-4560-AAF6-45BB17778686}"
EndProject
Project("{8BC9CEB8-8B4A-11D0-8D11-00A0C91BC942}") = "MonsterAIServer", "MonsterAIServer\Include\MonsterAIServer.vcxproj", "{09D03298-CD99-417D-896C-4AC3AD241E94}"
EndProject
Global
	GlobalSection(SolutionConfigurationPlatforms) = preSolution
		Debug|x64 = Debug|x64
		Debug|x86 = Debug|x86
		Release|x64 = Release|x64
		Release|x86 = Release|x86
	EndGlobalSection
	GlobalSection(ProjectConfigurationPlatforms) = postSolution
		{A009FD18-FABC-404C-BF3D-4C83D53C0263}.Debug|x64.ActiveCfg = Debug|x64
		{A009FD18-FABC-404C-BF3D-4C83D53C0263}.Debug|x64.Build.0 = Debug|x64
		{A009FD18-FABC-404C-BF3D-4C83D53C0263}.Debug|x86.ActiveCfg = Debug|Win32
		{A009FD18-FABC-404C-BF3D-4C83D53C0263}.Debug|x86.Build.0 = Debug|Win32
		{A009FD18-FABC-404C-BF3D-4C83D53C0263}.Release|x64.ActiveCfg = Release|x64
		{A009FD18-FABC-404C-BF3D-4C83D53C0263}.Release|x64.Build.0 = Release|x64
		{A009FD18-FABC-404C-BF3D-4C83D53C0263}.Release|x86.ActiveCfg = Release|Win32
		{A009FD18-FABC-404C-BF3D-4C83D53C0263}.Release|x86.Build.0 = Release|Win32
		{BE096252-9AF9-4556-9B78-E1805280FB52}.Debug|x64.ActiveCfg = Debug|x64
		{BE096252-9AF9-4556-9B78-E1805280FB52}.Debug|x64.Build.0 = Debug|x64
		{BE096252-9AF9-4556-9B78-E1805280FB52}.Debug|x86.ActiveCfg = Debug|Win32
		{BE096252-9AF9-4556-9B78-E1805280FB52}.Debug|x86.Build.0 = Debug|Win32
		{BE096252-9AF9-4556-9B78-E1805280FB52}.Release|x64.ActiveCfg = Release|x64
		{BE096252-9AF9-4556-9B78-E1805280FB52}.Release|x64.Build.0 = Release|x64
		{BE096252-9AF9-4556-9B78-E1805280FB52}.Release|x86.ActiveCfg = Release|Win32
		{BE096252-9AF9-4556-9B78-E1805280FB52}.Release|x86.Build.0 = Release|Win32
		{159E8B6D-1FC6-4651-979A-6A7CD595C126}.Debug|x64.ActiveCfg = Debug|x64
		{159E8B6D-1FC6-4651-979A-6A7CD595C126}.Debug|x64.Build.0 = Debug|x64
		{159E8B6D-1FC6-4651-979A-6A7CD595C126}.Debug|x86.ActiveCfg = Debug|Win32
		{159E8B6D-1FC6-4651-979A-6A7CD595C126}.Debug|x86.Build.0 = Debug|Win32
		{159E8B6D-1FC6-4651-979A-6A7CD595C126}.Release|x64.ActiveCfg = Release|x64
		{159E8B6D-1FC6-4651-979A-6A7CD595C126}.Release|x64.Build.0 = Release|x64
		{159E8B6D-1FC6-4651-979A-6A7CD595C126}.Release|x86.ActiveCfg = Release|Win32
		{159E8B6D-1FC6-4651-979A-6A7CD595C126}.Release|x86.Build.0 = Release|Win32
		{AC6C048C-2282-4201-B180-82DA61FB817C}.Debug|x64.ActiveCfg = Debug|x64
		{AC6C048C-2282-4201-B180-82DA61FB817C}.Debug|x64.Build.0 = Debug|x64
		{AC6C048C-2282-4201-B180-82DA61FB817C}.Debug|x86.ActiveCfg = Debug|Win32
		{AC6C048C-2282-4201-B180-82DA61FB817C}.Debug|x86.Build.0 = Debug|Win32
		{AC6C048C-2282-4201-B180-82DA61FB817C}.Release|x64.ActiveCfg = Release|x64
		{AC6C048C-2282-4201-B180-82DA61FB817C}.Release|x64.Build.0 = Release|x64
		{AC6C048C-2282-4201-B180-82DA61FB817C}.Release|x86.ActiveCfg = Release|Win32
		{AC6C048C-2282-4201-B180-82DA61FB817C}.Release|x86.Build.0 = Release|Win32
		{86856CE2-3DDE-4527-88FA-33AFF9B9439C}.Debug|x64.ActiveCfg = Debug|x64
		{86856CE2-3DDE-4527-88FA-33AFF9B9439C}.Debug|x64.Build.0 = Debug|x64
		{86856CE2-3DDE-4527-88FA-33AFF9B9439C}.Debug|x86.ActiveCfg = Debug|Win32
		{86856CE2-3DDE-4527-88FA-33AFF9B9439C}.Debug|x86.Build.0 = Debug|Win32
		{86856CE2-3DDE-4527-88FA-33AFF9B9439C}.Release|x64.ActiveCfg = Release|x64
		{86856CE2-3DDE-4527-88FA-33AFF9B9439C}.Release|x64.Build.0 = Release|x64
		{86856CE2-3DDE-4527-88FA-33AFF9B9439C}.Release|x86.ActiveCfg = Release|Win32
		{86856CE2-3DDE-4527-88FA-33AFF9B9439C}.Release|x86.Build.0 = Release|Win32
		{8B1CD233-1AA9-4DCF-A3E9-518A908CE908}.Debug|x64.ActiveCfg = Debug|x64
		{8B1CD233-1AA9-4DCF-A3E9-518A908CE908}.Debug|x64.Build.0 = Debug|x64
		{8B1CD233-1AA9-4DCF-A3E9-518A908CE908}.Debug|x86.ActiveCfg = Debug|Win32
		{8B1CD233-1AA9-4DCF-A3E9-518A908CE908}.Debug|x86.Build.0 = Debug|Win32
		{8B1CD233-1AA9-4DCF-A3E9-518A908CE908}.Release|x64.ActiveCfg = Release|x64
		{8B1CD233-1AA9-4DCF-A3E9-518A908CE908}.Release|x64.Build.0 = Release|x64
		{8B1CD233-1AA9-4DCF-A3E9-518A908CE908}.Release|x86.ActiveCfg = Release|Win32
		{8B1CD233-1AA9-4DCF-A3E9-518A908CE908}.Release|x86.Build.0 = Release|Win32
		{482694DD-082C-499C-AAE5-2115A7EE3B09}.Debug|x64.ActiveCfg = Debug|x64
		{482694DD-082C-499C-AAE5-2115A7EE3B09}.Debug|x64.Build.0 = Debug|x64
		{482694DD-082C-499C-AAE5-2115A7EE3B09}.Debug|x86.ActiveCfg = Debug|Win32
		{482694DD-082C-499C-AAE5-2115A7EE3B09}.Debug|x86.Build.0 = Debug|Win32
		{482694DD-082C-499C-AAE5-2115A7EE3B09}.Release|x64.ActiveCfg = Release|x64
		{482694DD-082C-499C-AAE5-2115A7EE3B09}.Release|x64.Build.0 = Release|x64
		{482694DD-082C-499C-AAE5-2115A7EE3B09}.Release|x86.ActiveCfg = Release|Win32
		{482694DD-082C-499C-AAE5-2115A7EE3B09}.Release|x86.Build.0 = Release|Win32
		{DD4A1C60-E778-4560-AAF6-45BB17778686}.Debug|x64.ActiveCfg = Debug|x64
		{DD4A1C60-E778-4560-AAF6-45BB17778686}.Debug|x64.Build.0 = Debug|x64
		{DD4A1C60-E778-4560-AAF6-45BB17778686}.Debug|x86.ActiveCfg = Debug|Win32
		{DD4A1C60-E778-4560-AAF6-45BB17778686}.Debug|x86.Build.0 = Debug|Win32
		{DD4A1C60-E778-4560-AAF6-45BB17778686}.Release|x64.ActiveCfg = Release|x64
		{DD4A1C60-E778-4560-AAF6-45BB17778686}.Release|x64.Build.0 = Release|x64
		{DD4A1C60-E778-4560-AAF6-45BB17778686}.Release|x86.ActiveCfg = Release|Win32
		{DD4A1C60-E778-4560-AAF6-45BB17778686}.Release|x86.Build.0 = Release|Win32
		{09D03298-CD99-417D-896C-4AC3AD241E94}.Debug|x64.ActiveCfg = Debug|x64
		{09D03298-CD99-417D-896C-4AC3AD241E94}.Debug|x64.Build.0 = Debug|x64
		{09D03298-CD99-417D-896C-4AC3AD241E94}.Debug|x86.ActiveCfg = Debug|Win32
		{09D03298-CD99-417D-896C-4AC3AD241E94}.Debug|x86.Build.0 = Debug|Win32
		{09D03298-CD99-417D-896C-4AC3AD241E94}.Release|x64.ActiveCfg = Release|x64
		{09D03298-CD99-417D-896C-4AC3AD241E94}.Release|x64.Build.0 = Release|x64
		{09D03298-CD99-417D-896C-4AC3AD241E94}.Release|x86.ActiveCfg = Release|Win32
		{09D03298-CD99-417D-896C-4AC3AD241E94}.Release|x86.Build.0 = Release|Win32
	EndGlobalSection
	GlobalSection(SolutionProperties) = preSolution
		HideSolutionNode = FALSE
	EndGlobalSection
	GlobalSection(NestedProjects) = preSolution
		{A009FD18-FABC-404C-BF3D-4C83D53C0263} = {E046939B-63BC-43C9-9042-C8695D5EFC33}
		{BE096252-9AF9-4556-9B78-E1805280FB52} = {DDEB34A1-0392-4E4C-ACC1-33A2DD4263FD}
		{159E8B6D-1FC6-4651-979A-6A7CD595C126} = {DDEB34A1-0392-4E4C-ACC1-33A2DD4263FD}
		{AC6C048C-2282-4201-B180-82DA61FB817C} = {E046939B-63BC-43C9-9042-C8695D5EFC33}
		{86856CE2-3DDE-4527-88FA-33AFF9B9439C} = {E046939B-63BC-43C9-9042-C8695D5EFC33}
		{8B1CD233-1AA9-4DCF-A3E9-518A908CE908} = {E046939B-63BC-43C9-9042-C8695D5EFC33}
		{482694DD-082C-499C-AAE5-2115A7EE3B09} = {DDEB34A1-0392-4E4C-ACC1-33A2DD4263FD}
		{DD4A1C60-E778-4560-AAF6-45BB17778686} = {DDEB34A1-0392-4E4C-ACC1-33A2DD4263FD}
		{09D03298-CD99-417D-896C-4AC3AD241E94} = {DDEB34A1-0392-4E4C-ACC1-33A2DD4263FD}
	EndGlobalSection
	GlobalSection(ExtensibilityGlobals) = postSolution
		SolutionGuid = {203A6CAE-B88B-443E-B2CF-26139AD0FC37}
	EndGlobalSection
EndGlobal
