<?xml version="1.0" encoding="utf-8"?>
<Project ToolsVersion="4.0" xmlns="http://schemas.microsoft.com/developer/msbuild/2003">
  <ItemGroup>
    <Filter Include="헤더 파일">
      <UniqueIdentifier>{93995380-89BD-4b04-88EB-625FBE52EBFB}</UniqueIdentifier>
      <Extensions>h;hh;hpp;hxx;h++;hm;inl;inc;ipp;xsd</Extensions>
    </Filter>
    <Filter Include="리소스 파일">
      <UniqueIdentifier>{67DA6AB6-F800-4c08-8B7A-83BB121AAD01}</UniqueIdentifier>
      <Extensions>rc;ico;cur;bmp;dlg;rc2;rct;bin;rgs;gif;jpg;jpeg;jpe;resx;tiff;tif;png;wav;mfcribbon-ms</Extensions>
    </Filter>
    <Filter Include="01. Manager">
      <UniqueIdentifier>{44099e68-6f00-4f4d-b649-36aaf8d86e38}</UniqueIdentifier>
    </Filter>
    <Filter Include="03. Navigation">
      <UniqueIdentifier>{6e03cd8c-b30f-44bd-883f-19319d63e766}</UniqueIdentifier>
    </Filter>
    <Filter Include="04. Level">
      <UniqueIdentifier>{7a18ed91-58ac-4938-a45c-8253d235a15f}</UniqueIdentifier>
    </Filter>
    <Filter Include="03. Navigation\01. Thread">
      <UniqueIdentifier>{29e69bc0-ec54-4670-9824-6468abc2672a}</UniqueIdentifier>
    </Filter>
    <Filter Include="02. Iocp">
      <UniqueIdentifier>{894558d8-c457-4972-9b52-a8c65f1e0ba2}</UniqueIdentifier>
    </Filter>
    <Filter Include="05. Session">
      <UniqueIdentifier>{ab0366b7-bc3d-42b1-b3f5-3cb76bb60143}</UniqueIdentifier>
    </Filter>
    <Filter Include="소스 파일">
      <UniqueIdentifier>{4FC737F1-C7A5-4376-A066-2A32D752A2FF}</UniqueIdentifier>
      <Extensions>cpp;c;cc;cxx;c++;cppm;ixx;def;odl;idl;hpj;bat;asm;asmx</Extensions>
    </Filter>
    <Filter Include="04. Level\MainLevel">
      <UniqueIdentifier>{39e5b88f-4e42-46ce-9033-a6f848c13ef6}</UniqueIdentifier>
    </Filter>
    <Filter Include="04. Level\BossLevel">
      <UniqueIdentifier>{c86256b0-740a-4750-b207-4318c5258752}</UniqueIdentifier>
    </Filter>
  </ItemGroup>
  <ItemGroup>
    <ClCompile Include="main.cpp">
      <Filter>소스 파일</Filter>
    </ClCompile>
    <ClCompile Include="AIServerManager.cpp">
      <Filter>01. Manager</Filter>
    </ClCompile>
    <ClCompile Include="Navigation\NavigationManager.cpp">
      <Filter>03. Navigation</Filter>
    </ClCompile>
    <ClCompile Include="Navigation\Navigation.cpp">
      <Filter>03. Navigation</Filter>
    </ClCompile>
    <ClCompile Include="Navigation\NavCell.cpp">
      <Filter>03. Navigation</Filter>
    </ClCompile>
    <ClCompile Include="Level\Level.cpp">
      <Filter>04. Level</Filter>
    </ClCompile>
    <ClCompile Include="Level\LevelManager.cpp">
      <Filter>04. Level</Filter>
    </ClCompile>
    <ClCompile Include="Navigation\NavigationThread.cpp">
      <Filter>03. Navigation\01. Thread</Filter>
    </ClCompile>
    <ClCompile Include="AIIocp.cpp">
      <Filter>02. Iocp</Filter>
    </ClCompile>
    <ClCompile Include="AISession.cpp">
      <Filter>05. Session</Filter>
    </ClCompile>
    <ClCompile Include="AISessionManager.cpp">
      <Filter>05. Session</Filter>
    </ClCompile>
    <ClCompile Include="Level\MainLevel.cpp">
      <Filter>04. Level\MainLevel</Filter>
    </ClCompile>
    <ClCompile Include="Level\BossLevel.cpp">
      <Filter>04. Level\BossLevel</Filter>
    </ClCompile>
  </ItemGroup>
  <ItemGroup>
    <ClInclude Include="AIInfo.h">
      <Filter>헤더 파일</Filter>
    </ClInclude>
    <ClInclude Include="AIServerManager.h">
      <Filter>01. Manager</Filter>
    </ClInclude>
    <ClInclude Include="Navigation\NavigationManager.h">
      <Filter>03. Navigation</Filter>
    </ClInclude>
    <ClInclude Include="Navigation\Navigation.h">
      <Filter>03. Navigation</Filter>
    </ClInclude>
    <ClInclude Include="Navigation\NavCell.h">
      <Filter>03. Navigation</Filter>
    </ClInclude>
    <ClInclude Include="Level\Level.h">
      <Filter>04. Level</Filter>
    </ClInclude>
    <ClInclude Include="Level\LevelManager.h">
      <Filter>04. Level</Filter>
    </ClInclude>
    <ClInclude Include="Navigation\NavigationThread.h">
      <Filter>03. Navigation\01. Thread</Filter>
    </ClInclude>
    <ClInclude Include="AIIocp.h">
      <Filter>02. Iocp</Filter>
    </ClInclude>
    <ClInclude Include="AISession.h">
      <Filter>05. Session</Filter>
    </ClInclude>
    <ClInclude Include="AISessionManager.h">
      <Filter>05. Session</Filter>
    </ClInclude>
    <ClInclude Include="Level\MainLevel.h">
      <Filter>04. Level\MainLevel</Filter>
    </ClInclude>
    <ClInclude Include="Level\BossLevel.h">
      <Filter>04. Level\BossLevel</Filter>
    </ClInclude>
  </ItemGroup>
</Project>